
Microsoft Visual Studio Solution File, Format Version 12.00
# Visual Studio Version 17
VisualStudioVersion = 17.8.34316.72
MinimumVisualStudioVersion = 10.0.40219.1
Project("{FAE04EC0-301F-11D3-BF4B-00C04F79EFBC}") = "Jakub Marmurowicz 121182 Łódź SAN gr.7 Taxi", "Jakub Marmurowicz 121182 Łódź SAN gr.7 Taxi\Jakub Marmurowicz 121182 Łódź SAN gr.7 Taxi.csproj", "{D57A475F-8746-446B-BA06-4B4C29D6D3A7}"
EndProject
Global
	GlobalSection(SolutionConfigurationPlatforms) = preSolution
		Debug|Any CPU = Debug|Any CPU
		Release|Any CPU = Release|Any CPU
	EndGlobalSection
	GlobalSection(ProjectConfigurationPlatforms) = postSolution
		{D57A475F-8746-446B-BA06-4B4C29D6D3A7}.Debug|Any CPU.ActiveCfg = Debug|Any CPU
		{D57A475F-8746-446B-BA06-4B4C29D6D3A7}.Debug|Any CPU.Build.0 = Debug|Any CPU
		{D57A475F-8746-446B-BA06-4B4C29D6D3A7}.Release|Any CPU.ActiveCfg = Release|Any CPU
		{D57A475F-8746-446B-BA06-4B4C29D6D3A7}.Release|Any CPU.Build.0 = Release|Any CPU
	EndGlobalSection
	GlobalSection(SolutionProperties) = preSolution
		HideSolutionNode = FALSE
	EndGlobalSection
	GlobalSection(ExtensibilityGlobals) = postSolution
		SolutionGuid = {64C71378-A5B3-41E8-8318-938E0AAED356}
	EndGlobalSection
EndGlobal
